// !$*UTF8*$!
{
	archiveVersion = 1;
	classes = {
	};
	objectVersion = 46;
	objects = {

/* Begin PBXBuildFile section */
		2430D0FA1BCB37BB00B2B188 /* AppDelegate.swift in Sources */ = {isa = PBXBuildFile; fileRef = 2430D0F91BCB37BB00B2B188 /* AppDelegate.swift */; };
		2430D0FC1BCB37BB00B2B188 /* ViewController.swift in Sources */ = {isa = PBXBuildFile; fileRef = 2430D0FB1BCB37BB00B2B188 /* ViewController.swift */; };
		2430D0FF1BCB37BB00B2B188 /* Main.storyboard in Resources */ = {isa = PBXBuildFile; fileRef = 2430D0FD1BCB37BB00B2B188 /* Main.storyboard */; };
		2430D1011BCB37BB00B2B188 /* Assets.xcassets in Resources */ = {isa = PBXBuildFile; fileRef = 2430D1001BCB37BB00B2B188 /* Assets.xcassets */; };
		2430D1041BCB37BB00B2B188 /* LaunchScreen.storyboard in Resources */ = {isa = PBXBuildFile; fileRef = 2430D1021BCB37BB00B2B188 /* LaunchScreen.storyboard */; };
/* End PBXBuildFile section */

/* Begin PBXFileReference section */
		2430D0F61BCB37BB00B2B188 /* CrashSpace.app */ = {isa = PBXFileReference; explicitFileType = wrapper.application; includeInIndex = 0; path = CrashSpace.app; sourceTree = BUILT_PRODUCTS_DIR; };
		2430D0F91BCB37BB00B2B188 /* AppDelegate.swift */ = {isa = PBXFileReference; lastKnownFileType = sourcecode.swift; path = AppDelegate.swift; sourceTree = "<group>"; };
		2430D0FB1BCB37BB00B2B188 /* ViewController.swift */ = {isa = PBXFileReference; lastKnownFileType = sourcecode.swift; path = ViewController.swift; sourceTree = "<group>"; };
		2430D0FE1BCB37BB00B2B188 /* Base */ = {isa = PBXFileReference; lastKnownFileType = file.storyboard; name = Base; path = Base.lproj/Main.storyboard; sourceTree = "<group>"; };
		2430D1001BCB37BB00B2B188 /* Assets.xcassets */ = {isa = PBXFileReference; lastKnownFileType = folder.assetcatalog; path = Assets.xcassets; sourceTree = "<group>"; };
		2430D1031BCB37BB00B2B188 /* Base */ = {isa = PBXFileReference; lastKnownFileType = file.storyboard; name = Base; path = Base.lproj/LaunchScreen.storyboard; sourceTree = "<group>"; };
		2430D1051BCB37BB00B2B188 /* Info.plist */ = {isa = PBXFileReference; lastKnownFileType = text.plist.xml; path = Info.plist; sourceTree = "<group>"; };
/* End PBXFileReference section */

/* Begin PBXFrameworksBuildPhase section */
		2430D0F31BCB37BB00B2B188 /* Frameworks */ = {
			isa = PBXFrameworksBuildPhase;
			buildActionMask = 2147483647;
			files = (
			);
			runOnlyForDeploymentPostprocessing = 0;
		};
/* End PBXFrameworksBuildPhase section */

/* Begin PBXGroup section */
		2430D0ED1BCB37BB00B2B188 = {
			isa = PBXGroup;
			children = (
				2430D0F81BCB37BB00B2B188 /* CrashSpace */,
				2430D0F71BCB37BB00B2B188 /* Products */,
			);
			sourceTree = "<group>";
		};
		2430D0F71BCB37BB00B2B188 /* Products */ = {
			isa = PBXGroup;
			children = (
				2430D0F61BCB37BB00B2B188 /* CrashSpace.app */,
			);
			name = Products;
			sourceTree = "<group>";
		};
		2430D0F81BCB37BB00B2B188 /* CrashSpace */ = {
			isa = PBXGroup;
			children = (
				2430D0F91BCB37BB00B2B188 /* AppDelegate.swift */,
				2430D0FB1BCB37BB00B2B188 /* ViewController.swift */,
				2430D0FD1BCB37BB00B2B188 /* Main.storyboard */,
				2430D1001BCB37BB00B2B188 /* Assets.xcassets */,
				2430D1021BCB37BB00B2B188 /* LaunchScreen.storyboard */,
				2430D1051BCB37BB00B2B188 /* Info.plist */,
			);
			path = CrashSpace;
			sourceTree = "<group>";
		};
/* End PBXGroup section */

/* Begin PBXNativeTarget section */
		2430D0F51BCB37BB00B2B188 /* CrashSpace */ = {
			isa = PBXNativeTarget;
			buildConfigurationList = 2430D1081BCB37BB00B2B188 /* Build configuration list for PBXNativeTarget "CrashSpace" */;
			buildPhases = (
				2430D0F21BCB37BB00B2B188 /* Sources */,
				2430D0F31BCB37BB00B2B188 /* Frameworks */,
				2430D0F41BCB37BB00B2B188 /* Resources */,
			);
			buildRules = (
			);
			dependencies = (
			);
			name = CrashSpace;
			productName = CrashSpace;
			productReference = 2430D0F61BCB37BB00B2B188 /* CrashSpace.app */;
			productType = "com.apple.product-type.application";
		};
/* End PBXNativeTarget section */

/* Begin PBXProject section */
		2430D0EE1BCB37BB00B2B188 /* Project object */ = {
			isa = PBXProject;
			attributes = {
				LastUpgradeCheck = 0700;
				ORGANIZATIONNAME = NetKruzer;
				TargetAttributes = {
					2430D0F51BCB37BB00B2B188 = {
						CreatedOnToolsVersion = 7.0.1;
					};
				};
			};
			buildConfigurationList = 2430D0F11BCB37BB00B2B188 /* Build configuration list for PBXProject "CrashSpace" */;
			compatibilityVersion = "Xcode 3.2";
			developmentRegion = English;
			hasScannedForEncodings = 0;
			knownRegions = (
				en,
				Base,
			);
			mainGroup = 2430D0ED1BCB37BB00B2B188;
			productRefGroup = 2430D0F71BCB37BB00B2B188 /* Products */;
			projectDirPath = "";
			projectRoot = "";
			targets = (
				2430D0F51BCB37BB00B2B188 /* CrashSpace */,
			);
		};
/* End PBXProject section */

/* Begin PBXResourcesBuildPhase section */
		2430D0F41BCB37BB00B2B188 /* Resources */ = {
			isa = PBXResourcesBuildPhase;
			buildActionMask = 2147483647;
			files = (
				2430D1041BCB37BB00B2B188 /* LaunchScreen.storyboard in Resources */,
				2430D1011BCB37BB00B2B188 /* Assets.xcassets in Resources */,
				2430D0FF1BCB37BB00B2B188 /* Main.storyboard in Resources */,
			);
			runOnlyForDeploymentPostprocessing = 0;
		};
/* End PBXResourcesBuildPhase section */

/* Begin PBXSourcesBuildPhase section */
		2430D0F21BCB37BB00B2B188 /* Sources */ = {
			isa = PBXSourcesBuildPhase;
			buildActionMask = 2147483647;
			files = (
				2430D0FC1BCB37BB00B2B188 /* ViewController.swift in Sources */,
				2430D0FA1BCB37BB00B2B188 /* AppDelegate.swift in Sources */,
			);
			runOnlyForDeploymentPostprocessing = 0;
		};
/* End PBXSourcesBuildPhase section */

/* Begin PBXVariantGroup section */
		2430D0FD1BCB37BB00B2B188 /* Main.storyboard */ = {
			isa = PBXVariantGroup;
			children = (
				2430D0FE1BCB37BB00B2B188 /* Base */,
			);
			name = Main.storyboard;
			sourceTree = "<group>";
		};
		2430D1021BCB37BB00B2B188 /* LaunchScreen.storyboard */ = {
			isa = PBXVariantGroup;
			children = (
				2430D1031BCB37BB00B2B188 /* Base */,
			);
			name = LaunchScreen.storyboard;
			sourceTree = "<group>";
		};
/* End PBXVariantGroup section */

/* Begin XCBuildConfiguration section */
		2430D1061BCB37BB00B2B188 /* Debug */ = {
			isa = XCBuildConfiguration;
			buildSettings = {
				ALWAYS_SEARCH_USER_PATHS = NO;
				CLANG_CXX_LANGUAGE_STANDARD = "gnu++0x";
				CLANG_CXX_LIBRARY = "libc++";
				CLANG_ENABLE_MODULES = YES;
				CLANG_ENABLE_OBJC_ARC = YES;
				CLANG_WARN_BOOL_CONVERSION = YES;
				CLANG_WARN_CONSTANT_CONVERSION = YES;
				CLANG_WARN_DIRECT_OBJC_ISA_USAGE = YES_ERROR;
				CLANG_WARN_EMPTY_BODY = YES;
				CLANG_WARN_ENUM_CONVERSION = YES;
				CLANG_WARN_INT_CONVERSION = YES;
				CLANG_WARN_OBJC_ROOT_CLASS = YES_ERROR;
				CLANG_WARN_UNREACHABLE_CODE = YES;
				CLANG_WARN__DUPLICATE_METHOD_MATCH = YES;
				"CODE_SIGN_IDENTITY[sdk=iphoneos*]" = "iPhone Developer";
				COPY_PHASE_STRIP = NO;
				DEBUG_INFORMATION_FORMAT = dwarf;
				ENABLE_STRICT_OBJC_MSGSEND = YES;
				ENABLE_TESTABILITY = YES;
				GCC_C_LANGUAGE_STANDARD = gnu99;
				GCC_DYNAMIC_NO_PIC = NO;
				GCC_NO_COMMON_BLOCKS = YES;
				GCC_OPTIMIZATION_LEVEL = 0;
				GCC_PREPROCESSOR_DEFINITIONS = (
					"DEBUG=1",
					"$(inherited)",
				);
				GCC_WARN_64_TO_32_BIT_CONVERSION = YES;
				GCC_WARN_ABOUT_RETURN_TYPE = YES_ERROR;
				GCC_WARN_UNDECLARED_SELECTOR = YES;
				GCC_WARN_UNINITIALIZED_AUTOS = YES_AGGRESSIVE;
				GCC_WARN_UNUSED_FUNCTION = YES;
				GCC_WARN_UNUSED_VARIABLE = YES;
				IPHONEOS_DEPLOYMENT_TARGET = 9.0;
				MTL_ENABLE_DEBUG_INFO = YES;
				ONLY_ACTIVE_ARCH = YES;
				SDKROOT = iphoneos;
				SWIFT_OPTIMIZATION_LEVEL = "-Onone";
				TARGETED_DEVICE_FAMILY = "1,2";
			};
			name = Debug;
		};
		2430D1071BCB37BB00B2B188 /* Release */ = {
			isa = XCBuildConfiguration;
			buildSettings = {
				ALWAYS_SEARCH_USER_PATHS = NO;
				CLANG_CXX_LANGUAGE_STANDARD = "gnu++0x";
				CLANG_CXX_LIBRARY = "libc++";
				CLANG_ENABLE_MODULES = YES;
				CLANG_ENABLE_OBJC_ARC = YES;
				CLANG_WARN_BOOL_CONVERSION = YES;
				CLANG_WARN_CONSTANT_CONVERSION = YES;
				CLANG_WARN_DIRECT_OBJC_ISA_USAGE = YES_ERROR;
				CLANG_WARN_EMPTY_BODY = YES;
				CLANG_WARN_ENUM_CONVERSION = YES;
				CLANG_WARN_INT_CONVERSION = YES;
				CLANG_WARN_OBJC_ROOT_CLASS = YES_ERROR;
				CLANG_WARN_UNREACHABLE_CODE = YES;
				CLANG_WARN__DUPLICATE_METHOD_MATCH = YES;
				"CODE_SIGN_IDENTITY[sdk=iphoneos*]" = "iPhone Developer";
				COPY_PHASE_STRIP = NO;
				DEBUG_INFORMATION_FORMAT = "dwarf-with-dsym";
				ENABLE_NS_ASSERTIONS = NO;
				ENABLE_STRICT_OBJC_MSGSEND = YES;
				GCC_C_LANGUAGE_STANDARD = gnu99;
				GCC_NO_COMMON_BLOCKS = YES;
				GCC_WARN_64_TO_32_BIT_CONVERSION = YES;
				GCC_WARN_ABOUT_RETURN_TYPE = YES_ERROR;
				GCC_WARN_UNDECLARED_SELECTOR = YES;
				GCC_WARN_UNINITIALIZED_AUTOS = YES_AGGRESSIVE;
				GCC_WARN_UNUSED_FUNCTION = YES;
				GCC_WARN_UNUSED_VARIABLE = YES;
				IPHONEOS_DEPLOYMENT_TARGET = 9.0;
				MTL_ENABLE_DEBUG_INFO = NO;
				SDKROOT = iphoneos;
				TARGETED_DEVICE_FAMILY = "1,2";
				VALIDATE_PRODUCT = YES;
			};
			name = Release;
		};
		2430D1091BCB37BB00B2B188 /* Debug */ = {
			isa = XCBuildConfiguration;
			buildSettings = {
				ASSETCATALOG_COMPILER_APPICON_NAME = AppIcon;
				INFOPLIST_FILE = CrashSpace/Info.plist;
				LD_RUNPATH_SEARCH_PATHS = "$(inherited) @executable_path/Frameworks";
				PRODUCT_BUNDLE_IDENTIFIER = com.NetKruzer.CrashSpace;
				PRODUCT_NAME = "$(TARGET_NAME)";
			};
			name = Debug;
		};
		2430D10A1BCB37BB00B2B188 /* Release */ = {
			isa = XCBuildConfiguration;
			buildSettings = {
				ASSETCATALOG_COMPILER_APPICON_NAME = AppIcon;
				INFOPLIST_FILE = CrashSpace/Info.plist;
				LD_RUNPATH_SEARCH_PATHS = "$(inherited) @executable_path/Frameworks";
				PRODUCT_BUNDLE_IDENTIFIER = com.NetKruzer.CrashSpace;
				PRODUCT_NAME = "$(TARGET_NAME)";
			};
			name = Release;
		};
/* End XCBuildConfiguration section */

/* Begin XCConfigurationList section */
		2430D0F11BCB37BB00B2B188 /* Build configuration list for PBXProject "CrashSpace" */ = {
			isa = XCConfigurationList;
			buildConfigurations = (
				2430D1061BCB37BB00B2B188 /* Debug */,
				2430D1071BCB37BB00B2B188 /* Release */,
			);
			defaultConfigurationIsVisible = 0;
			defaultConfigurationName = Release;
		};
		2430D1081BCB37BB00B2B188 /* Build configuration list for PBXNativeTarget "CrashSpace" */ = {
			isa = XCConfigurationList;
			buildConfigurations = (
				2430D1091BCB37BB00B2B188 /* Debug */,
				2430D10A1BCB37BB00B2B188 /* Release */,
			);
			defaultConfigurationIsVisible = 0;
		};
/* End XCConfigurationList section */
	};
	rootObject = 2430D0EE1BCB37BB00B2B188 /* Project object */;
}
